// !$*UTF8*$!
{
	archiveVersion = 1;
	classes = {
	};
	objectVersion = 50;
	objects = {

/* Begin PBXBuildFile section */
		02198BD722B2E9650014C8C7 /* TodoTableViewController.swift in Sources */ = {isa = PBXBuildFile; fileRef = 02198BD622B2E9650014C8C7 /* TodoTableViewController.swift */; };
		02198BDC22B3ADD50014C8C7 /* AddItemViewController.swift in Sources */ = {isa = PBXBuildFile; fileRef = 02198BDB22B3ADD50014C8C7 /* AddItemViewController.swift */; };
		02484AC022B1A6D10054596F /* AppDelegate.swift in Sources */ = {isa = PBXBuildFile; fileRef = 02484ABF22B1A6D10054596F /* AppDelegate.swift */; };
		02484AC222B1A6D10054596F /* DocumentBrowserViewController.swift in Sources */ = {isa = PBXBuildFile; fileRef = 02484AC122B1A6D10054596F /* DocumentBrowserViewController.swift */; };
		02484AC622B1A6D10054596F /* TodoDocument.swift in Sources */ = {isa = PBXBuildFile; fileRef = 02484AC522B1A6D10054596F /* TodoDocument.swift */; };
		02484AC922B1A6D10054596F /* Main.storyboard in Resources */ = {isa = PBXBuildFile; fileRef = 02484AC722B1A6D10054596F /* Main.storyboard */; };
		02484ACB22B1A6D40054596F /* Assets.xcassets in Resources */ = {isa = PBXBuildFile; fileRef = 02484ACA22B1A6D40054596F /* Assets.xcassets */; };
		02484ACE22B1A6D40054596F /* LaunchScreen.storyboard in Resources */ = {isa = PBXBuildFile; fileRef = 02484ACC22B1A6D40054596F /* LaunchScreen.storyboard */; };
		02484AD922B1AD520054596F /* Todo.swift in Sources */ = {isa = PBXBuildFile; fileRef = 02484AD822B1AD520054596F /* Todo.swift */; };
		02484ADB22B1B6E70054596F /* Untitled.altodo in Resources */ = {isa = PBXBuildFile; fileRef = 02484ADA22B1B6E70054596F /* Untitled.altodo */; };
		02484ADD22B1D35E0054596F /* Utilities.swift in Sources */ = {isa = PBXBuildFile; fileRef = 02484ADC22B1D35E0054596F /* Utilities.swift */; };
/* End PBXBuildFile section */

/* Begin PBXFileReference section */
		02198BD622B2E9650014C8C7 /* TodoTableViewController.swift */ = {isa = PBXFileReference; lastKnownFileType = sourcecode.swift; path = TodoTableViewController.swift; sourceTree = "<group>"; };
		02198BDB22B3ADD50014C8C7 /* AddItemViewController.swift */ = {isa = PBXFileReference; lastKnownFileType = sourcecode.swift; path = AddItemViewController.swift; sourceTree = "<group>"; };
		02484ABC22B1A6D10054596F /* ALittleTODO.app */ = {isa = PBXFileReference; explicitFileType = wrapper.application; includeInIndex = 0; path = ALittleTODO.app; sourceTree = BUILT_PRODUCTS_DIR; };
		02484ABF22B1A6D10054596F /* AppDelegate.swift */ = {isa = PBXFileReference; lastKnownFileType = sourcecode.swift; path = AppDelegate.swift; sourceTree = "<group>"; };
		02484AC122B1A6D10054596F /* DocumentBrowserViewController.swift */ = {isa = PBXFileReference; lastKnownFileType = sourcecode.swift; path = DocumentBrowserViewController.swift; sourceTree = "<group>"; };
		02484AC522B1A6D10054596F /* TodoDocument.swift */ = {isa = PBXFileReference; lastKnownFileType = sourcecode.swift; path = TodoDocument.swift; sourceTree = "<group>"; };
		02484AC822B1A6D10054596F /* Base */ = {isa = PBXFileReference; lastKnownFileType = file.storyboard; name = Base; path = Base.lproj/Main.storyboard; sourceTree = "<group>"; };
		02484ACA22B1A6D40054596F /* Assets.xcassets */ = {isa = PBXFileReference; lastKnownFileType = folder.assetcatalog; path = Assets.xcassets; sourceTree = "<group>"; };
		02484ACD22B1A6D40054596F /* Base */ = {isa = PBXFileReference; lastKnownFileType = file.storyboard; name = Base; path = Base.lproj/LaunchScreen.storyboard; sourceTree = "<group>"; };
		02484ACF22B1A6D40054596F /* Info.plist */ = {isa = PBXFileReference; lastKnownFileType = text.plist.xml; path = Info.plist; sourceTree = "<group>"; };
		02484AD822B1AD520054596F /* Todo.swift */ = {isa = PBXFileReference; lastKnownFileType = sourcecode.swift; path = Todo.swift; sourceTree = "<group>"; };
		02484ADA22B1B6E70054596F /* Untitled.altodo */ = {isa = PBXFileReference; fileEncoding = 4; lastKnownFileType = text; path = Untitled.altodo; sourceTree = "<group>"; };
		02484ADC22B1D35E0054596F /* Utilities.swift */ = {isa = PBXFileReference; lastKnownFileType = sourcecode.swift; path = Utilities.swift; sourceTree = "<group>"; };
/* End PBXFileReference section */

/* Begin PBXFrameworksBuildPhase section */
		02484AB922B1A6D10054596F /* Frameworks */ = {
			isa = PBXFrameworksBuildPhase;
			buildActionMask = 2147483647;
			files = (
			);
			runOnlyForDeploymentPostprocessing = 0;
		};
/* End PBXFrameworksBuildPhase section */

/* Begin PBXGroup section */
		02198BD522B2E6060014C8C7 /* Supporting files */ = {
			isa = PBXGroup;
			children = (
				02484AC122B1A6D10054596F /* DocumentBrowserViewController.swift */,
				02484ADC22B1D35E0054596F /* Utilities.swift */,
				02484ACA22B1A6D40054596F /* Assets.xcassets */,
				02484ACC22B1A6D40054596F /* LaunchScreen.storyboard */,
				02484ADA22B1B6E70054596F /* Untitled.altodo */,
			);
			path = "Supporting files";
			sourceTree = "<group>";
		};
		02484AB322B1A6D10054596F = {
			isa = PBXGroup;
			children = (
				02484ABE22B1A6D10054596F /* ALittleTODO */,
				02484ABD22B1A6D10054596F /* Products */,
			);
			sourceTree = "<group>";
		};
		02484ABD22B1A6D10054596F /* Products */ = {
			isa = PBXGroup;
			children = (
				02484ABC22B1A6D10054596F /* ALittleTODO.app */,
			);
			name = Products;
			sourceTree = "<group>";
		};
		02484ABE22B1A6D10054596F /* ALittleTODO */ = {
			isa = PBXGroup;
			children = (
				02484AC722B1A6D10054596F /* Main.storyboard */,
				02484ABF22B1A6D10054596F /* AppDelegate.swift */,
				02198BDB22B3ADD50014C8C7 /* AddItemViewController.swift */,
				02198BD622B2E9650014C8C7 /* TodoTableViewController.swift */,
				02484AD822B1AD520054596F /* Todo.swift */,
				02484AC522B1A6D10054596F /* TodoDocument.swift */,
				02484ACF22B1A6D40054596F /* Info.plist */,
				02198BD522B2E6060014C8C7 /* Supporting files */,
			);
			path = ALittleTODO;
			sourceTree = "<group>";
		};
/* End PBXGroup section */

/* Begin PBXNativeTarget section */
		02484ABB22B1A6D10054596F /* ALittleTODO */ = {
			isa = PBXNativeTarget;
			buildConfigurationList = 02484AD222B1A6D40054596F /* Build configuration list for PBXNativeTarget "ALittleTODO" */;
			buildPhases = (
				02484AB822B1A6D10054596F /* Sources */,
				02484AB922B1A6D10054596F /* Frameworks */,
				02484ABA22B1A6D10054596F /* Resources */,
			);
			buildRules = (
			);
			dependencies = (
			);
			name = ALittleTODO;
			productName = ALittleTODO;
			productReference = 02484ABC22B1A6D10054596F /* ALittleTODO.app */;
			productType = "com.apple.product-type.application";
		};
/* End PBXNativeTarget section */

/* Begin PBXProject section */
		02484AB422B1A6D10054596F /* Project object */ = {
			isa = PBXProject;
			attributes = {
				LastSwiftUpdateCheck = 1020;
				LastUpgradeCheck = 1020;
				ORGANIZATIONNAME = "Stephen C. Murphy";
				TargetAttributes = {
					02484ABB22B1A6D10054596F = {
						CreatedOnToolsVersion = 10.2.1;
					};
				};
			};
			buildConfigurationList = 02484AB722B1A6D10054596F /* Build configuration list for PBXProject "ALittleTODO" */;
			compatibilityVersion = "Xcode 9.3";
			developmentRegion = en;
			hasScannedForEncodings = 0;
			knownRegions = (
				en,
				Base,
			);
			mainGroup = 02484AB322B1A6D10054596F;
			productRefGroup = 02484ABD22B1A6D10054596F /* Products */;
			projectDirPath = "";
			projectRoot = "";
			targets = (
				02484ABB22B1A6D10054596F /* ALittleTODO */,
			);
		};
/* End PBXProject section */

/* Begin PBXResourcesBuildPhase section */
		02484ABA22B1A6D10054596F /* Resources */ = {
			isa = PBXResourcesBuildPhase;
			buildActionMask = 2147483647;
			files = (
				02484ACE22B1A6D40054596F /* LaunchScreen.storyboard in Resources */,
				02484ADB22B1B6E70054596F /* Untitled.altodo in Resources */,
				02484ACB22B1A6D40054596F /* Assets.xcassets in Resources */,
				02484AC922B1A6D10054596F /* Main.storyboard in Resources */,
			);
			runOnlyForDeploymentPostprocessing = 0;
		};
/* End PBXResourcesBuildPhase section */

/* Begin PBXSourcesBuildPhase section */
		02484AB822B1A6D10054596F /* Sources */ = {
			isa = PBXSourcesBuildPhase;
			buildActionMask = 2147483647;
			files = (
				02484ADD22B1D35E0054596F /* Utilities.swift in Sources */,
				02198BD722B2E9650014C8C7 /* TodoTableViewController.swift in Sources */,
				02484AD922B1AD520054596F /* Todo.swift in Sources */,
				02484AC622B1A6D10054596F /* TodoDocument.swift in Sources */,
				02198BDC22B3ADD50014C8C7 /* AddItemViewController.swift in Sources */,
				02484AC222B1A6D10054596F /* DocumentBrowserViewController.swift in Sources */,
				02484AC022B1A6D10054596F /* AppDelegate.swift in Sources */,
			);
			runOnlyForDeploymentPostprocessing = 0;
		};
/* End PBXSourcesBuildPhase section */

/* Begin PBXVariantGroup section */
		02484AC722B1A6D10054596F /* Main.storyboard */ = {
			isa = PBXVariantGroup;
			children = (
				02484AC822B1A6D10054596F /* Base */,
			);
			name = Main.storyboard;
			sourceTree = "<group>";
		};
		02484ACC22B1A6D40054596F /* LaunchScreen.storyboard */ = {
			isa = PBXVariantGroup;
			children = (
				02484ACD22B1A6D40054596F /* Base */,
			);
			name = LaunchScreen.storyboard;
			sourceTree = "<group>";
		};
/* End PBXVariantGroup section */

/* Begin XCBuildConfiguration section */
		02484AD022B1A6D40054596F /* Debug */ = {
			isa = XCBuildConfiguration;
			buildSettings = {
				ALWAYS_SEARCH_USER_PATHS = NO;
				CLANG_ANALYZER_NONNULL = YES;
				CLANG_ANALYZER_NUMBER_OBJECT_CONVERSION = YES_AGGRESSIVE;
				CLANG_CXX_LANGUAGE_STANDARD = "gnu++14";
				CLANG_CXX_LIBRARY = "libc++";
				CLANG_ENABLE_MODULES = YES;
				CLANG_ENABLE_OBJC_ARC = YES;
				CLANG_ENABLE_OBJC_WEAK = YES;
				CLANG_WARN_BLOCK_CAPTURE_AUTORELEASING = YES;
				CLANG_WARN_BOOL_CONVERSION = YES;
				CLANG_WARN_COMMA = YES;
				CLANG_WARN_CONSTANT_CONVERSION = YES;
				CLANG_WARN_DEPRECATED_OBJC_IMPLEMENTATIONS = YES;
				CLANG_WARN_DIRECT_OBJC_ISA_USAGE = YES_ERROR;
				CLANG_WARN_DOCUMENTATION_COMMENTS = YES;
				CLANG_WARN_EMPTY_BODY = YES;
				CLANG_WARN_ENUM_CONVERSION = YES;
				CLANG_WARN_INFINITE_RECURSION = YES;
				CLANG_WARN_INT_CONVERSION = YES;
				CLANG_WARN_NON_LITERAL_NULL_CONVERSION = YES;
				CLANG_WARN_OBJC_IMPLICIT_RETAIN_SELF = YES;
				CLANG_WARN_OBJC_LITERAL_CONVERSION = YES;
				CLANG_WARN_OBJC_ROOT_CLASS = YES_ERROR;
				CLANG_WARN_RANGE_LOOP_ANALYSIS = YES;
				CLANG_WARN_STRICT_PROTOTYPES = YES;
				CLANG_WARN_SUSPICIOUS_MOVE = YES;
				CLANG_WARN_UNGUARDED_AVAILABILITY = YES_AGGRESSIVE;
				CLANG_WARN_UNREACHABLE_CODE = YES;
				CLANG_WARN__DUPLICATE_METHOD_MATCH = YES;
				CODE_SIGN_IDENTITY = "iPhone Developer";
				COPY_PHASE_STRIP = NO;
				DEBUG_INFORMATION_FORMAT = dwarf;
				ENABLE_STRICT_OBJC_MSGSEND = YES;
				ENABLE_TESTABILITY = YES;
				GCC_C_LANGUAGE_STANDARD = gnu11;
				GCC_DYNAMIC_NO_PIC = NO;
				GCC_NO_COMMON_BLOCKS = YES;
				GCC_OPTIMIZATION_LEVEL = 0;
				GCC_PREPROCESSOR_DEFINITIONS = (
					"DEBUG=1",
					"$(inherited)",
				);
				GCC_WARN_64_TO_32_BIT_CONVERSION = YES;
				GCC_WARN_ABOUT_RETURN_TYPE = YES_ERROR;
				GCC_WARN_UNDECLARED_SELECTOR = YES;
				GCC_WARN_UNINITIALIZED_AUTOS = YES_AGGRESSIVE;
				GCC_WARN_UNUSED_FUNCTION = YES;
				GCC_WARN_UNUSED_VARIABLE = YES;
				IPHONEOS_DEPLOYMENT_TARGET = 12.2;
				MTL_ENABLE_DEBUG_INFO = INCLUDE_SOURCE;
				MTL_FAST_MATH = YES;
				ONLY_ACTIVE_ARCH = YES;
				SDKROOT = iphoneos;
				SWIFT_ACTIVE_COMPILATION_CONDITIONS = DEBUG;
				SWIFT_OPTIMIZATION_LEVEL = "-Onone";
			};
			name = Debug;
		};
		02484AD122B1A6D40054596F /* Release */ = {
			isa = XCBuildConfiguration;
			buildSettings = {
				ALWAYS_SEARCH_USER_PATHS = NO;
				CLANG_ANALYZER_NONNULL = YES;
				CLANG_ANALYZER_NUMBER_OBJECT_CONVERSION = YES_AGGRESSIVE;
				CLANG_CXX_LANGUAGE_STANDARD = "gnu++14";
				CLANG_CXX_LIBRARY = "libc++";
				CLANG_ENABLE_MODULES = YES;
				CLANG_ENABLE_OBJC_ARC = YES;
				CLANG_ENABLE_OBJC_WEAK = YES;
				CLANG_WARN_BLOCK_CAPTURE_AUTORELEASING = YES;
				CLANG_WARN_BOOL_CONVERSION = YES;
				CLANG_WARN_COMMA = YES;
				CLANG_WARN_CONSTANT_CONVERSION = YES;
				CLANG_WARN_DEPRECATED_OBJC_IMPLEMENTATIONS = YES;
				CLANG_WARN_DIRECT_OBJC_ISA_USAGE = YES_ERROR;
				CLANG_WARN_DOCUMENTATION_COMMENTS = YES;
				CLANG_WARN_EMPTY_BODY = YES;
				CLANG_WARN_ENUM_CONVERSION = YES;
				CLANG_WARN_INFINITE_RECURSION = YES;
				CLANG_WARN_INT_CONVERSION = YES;
				CLANG_WARN_NON_LITERAL_NULL_CONVERSION = YES;
				CLANG_WARN_OBJC_IMPLICIT_RETAIN_SELF = YES;
				CLANG_WARN_OBJC_LITERAL_CONVERSION = YES;
				CLANG_WARN_OBJC_ROOT_CLASS = YES_ERROR;
				CLANG_WARN_RANGE_LOOP_ANALYSIS = YES;
				CLANG_WARN_STRICT_PROTOTYPES = YES;
				CLANG_WARN_SUSPICIOUS_MOVE = YES;
				CLANG_WARN_UNGUARDED_AVAILABILITY = YES_AGGRESSIVE;
				CLANG_WARN_UNREACHABLE_CODE = YES;
				CLANG_WARN__DUPLICATE_METHOD_MATCH = YES;
				CODE_SIGN_IDENTITY = "iPhone Developer";
				COPY_PHASE_STRIP = NO;
				DEBUG_INFORMATION_FORMAT = "dwarf-with-dsym";
				ENABLE_NS_ASSERTIONS = NO;
				ENABLE_STRICT_OBJC_MSGSEND = YES;
				GCC_C_LANGUAGE_STANDARD = gnu11;
				GCC_NO_COMMON_BLOCKS = YES;
				GCC_WARN_64_TO_32_BIT_CONVERSION = YES;
				GCC_WARN_ABOUT_RETURN_TYPE = YES_ERROR;
				GCC_WARN_UNDECLARED_SELECTOR = YES;
				GCC_WARN_UNINITIALIZED_AUTOS = YES_AGGRESSIVE;
				GCC_WARN_UNUSED_FUNCTION = YES;
				GCC_WARN_UNUSED_VARIABLE = YES;
				IPHONEOS_DEPLOYMENT_TARGET = 12.2;
				MTL_ENABLE_DEBUG_INFO = NO;
				MTL_FAST_MATH = YES;
				SDKROOT = iphoneos;
				SWIFT_COMPILATION_MODE = wholemodule;
				SWIFT_OPTIMIZATION_LEVEL = "-O";
				VALIDATE_PRODUCT = YES;
			};
			name = Release;
		};
		02484AD322B1A6D40054596F /* Debug */ = {
			isa = XCBuildConfiguration;
			buildSettings = {
				ASSETCATALOG_COMPILER_APPICON_NAME = AppIcon;
				CODE_SIGN_STYLE = Automatic;
				DEVELOPMENT_TEAM = ZF39KPL759;
				INFOPLIST_FILE = ALittleTODO/Info.plist;
				LD_RUNPATH_SEARCH_PATHS = (
					"$(inherited)",
					"@executable_path/Frameworks",
				);
				PRODUCT_BUNDLE_IDENTIFIER = com.catchlightengineering.ALittleTODO;
				PRODUCT_NAME = "$(TARGET_NAME)";
				SWIFT_VERSION = 5.0;
				TARGETED_DEVICE_FAMILY = "1,2";
			};
			name = Debug;
		};
		02484AD422B1A6D40054596F /* Release */ = {
			isa = XCBuildConfiguration;
			buildSettings = {
				ASSETCATALOG_COMPILER_APPICON_NAME = AppIcon;
				CODE_SIGN_STYLE = Automatic;
				DEVELOPMENT_TEAM = ZF39KPL759;
				INFOPLIST_FILE = ALittleTODO/Info.plist;
				LD_RUNPATH_SEARCH_PATHS = (
					"$(inherited)",
					"@executable_path/Frameworks",
				);
				PRODUCT_BUNDLE_IDENTIFIER = com.catchlightengineering.ALittleTODO;
				PRODUCT_NAME = "$(TARGET_NAME)";
				SWIFT_VERSION = 5.0;
				TARGETED_DEVICE_FAMILY = "1,2";
			};
			name = Release;
		};
/* End XCBuildConfiguration section */

/* Begin XCConfigurationList section */
		02484AB722B1A6D10054596F /* Build configuration list for PBXProject "ALittleTODO" */ = {
			isa = XCConfigurationList;
			buildConfigurations = (
				02484AD022B1A6D40054596F /* Debug */,
				02484AD122B1A6D40054596F /* Release */,
			);
			defaultConfigurationIsVisible = 0;
			defaultConfigurationName = Release;
		};
		02484AD222B1A6D40054596F /* Build configuration list for PBXNativeTarget "ALittleTODO" */ = {
			isa = XCConfigurationList;
			buildConfigurations = (
				02484AD322B1A6D40054596F /* Debug */,
				02484AD422B1A6D40054596F /* Release */,
			);
			defaultConfigurationIsVisible = 0;
			defaultConfigurationName = Release;
		};
/* End XCConfigurationList section */
	};
	rootObject = 02484AB422B1A6D10054596F /* Project object */;
}
